{
  "name": "35.webpack",
  "version": "1.0.0",
  "lockfileVersion": 1,
  "requires": true,
  "dependencies": {
    "tapable": {
      "version": "1.0.0",
      "resolved": "http://registry.npm.taobao.org/tapable/download/tapable-1.0.0.tgz",
      "dev": true
    },
    "vscode-webpack-debugger": {
      "version": "1.0.0",
      "resolved": "https://registry.npmjs.org/vscode-webpack-debugger/-/vscode-webpack-debugger-1.0.0.tgz",
      "integrity": "sha512-9k92WJUP7qNcRe40mmU1kwr1BD6n8g5l47xPXb3ia9eN2vd86NP8p0d5u20O4lVYjDqDE0ZkEg0ZAwuT9Ax1Vg=="
    }
  }
}
